
Microsoft Visual Studio Solution File, Format Version 12.00
# Visual Studio 15
VisualStudioVersion = 15.0.27428.2027
MinimumVisualStudioVersion = 10.0.40219.1
Project("{FAE04EC0-301F-11D3-BF4B-00C04F79EFBC}") = "NoteMVC", "NoteMVC\NoteMVC.csproj", "{B4681297-A721-46CA-ABAD-8D9A8B8F9D56}"
EndProject
Project("{FAE04EC0-301F-11D3-BF4B-00C04F79EFBC}") = "Entites", "Entites\Entites.csproj", "{C28F13BD-A43E-40B5-B058-F152B2116753}"
EndProject
Project("{FAE04EC0-301F-11D3-BF4B-00C04F79EFBC}") = "NoteBook.DAL.DB", "DAL.DB\NoteBook.DAL.DB.csproj", "{30737574-D314-432E-9F7A-F605C60F05D6}"
EndProject
Project("{FAE04EC0-301F-11D3-BF4B-00C04F79EFBC}") = "NoteBook.DAL.List", "DAL.ListCollection\NoteBook.DAL.List.csproj", "{B80B38B6-D712-476A-9CC0-306B38ECCD30}"
EndProject
Project("{FAE04EC0-301F-11D3-BF4B-00C04F79EFBC}") = "INoteBook.DAL", "INoteBookDAL\INoteBook.DAL.csproj", "{24BBC6A2-3FBA-42A2-A197-7DD3771E6818}"
EndProject
Project("{2150E333-8FDC-42A3-9474-1A3956D46DE8}") = "DAL", "DAL", "{3A7E6F92-D10D-4912-A70B-56C3F16BBC9B}"
EndProject
Project("{2150E333-8FDC-42A3-9474-1A3956D46DE8}") = "PL", "PL", "{B46DEB2D-81FC-4AE3-A4B2-5702D0DE1CC3}"
EndProject
Project("{2150E333-8FDC-42A3-9474-1A3956D46DE8}") = "BLL", "BLL", "{63CDC26F-331B-4934-BD26-21ED61115AEF}"
EndProject
Project("{2150E333-8FDC-42A3-9474-1A3956D46DE8}") = "Entities", "Entities", "{E3FC4BF0-8A02-4C02-BD5D-E72601DA9C21}"
EndProject
Project("{FAE04EC0-301F-11D3-BF4B-00C04F79EFBC}") = "INoteBook.BLL", "INoteBookBLL\INoteBook.BLL.csproj", "{C60426D5-6188-42A9-B887-AF43F229D5D8}"
EndProject
Project("{FAE04EC0-301F-11D3-BF4B-00C04F79EFBC}") = "NoteBook.BLL", "NoteBook.BLL\NoteBook.BLL.csproj", "{CBCD00EC-CB51-4AA6-BFC0-6834F99DFFCE}"
EndProject
Global
	GlobalSection(SolutionConfigurationPlatforms) = preSolution
		Debug|Any CPU = Debug|Any CPU
		Release|Any CPU = Release|Any CPU
	EndGlobalSection
	GlobalSection(ProjectConfigurationPlatforms) = postSolution
		{B4681297-A721-46CA-ABAD-8D9A8B8F9D56}.Debug|Any CPU.ActiveCfg = Debug|Any CPU
		{B4681297-A721-46CA-ABAD-8D9A8B8F9D56}.Debug|Any CPU.Build.0 = Debug|Any CPU
		{B4681297-A721-46CA-ABAD-8D9A8B8F9D56}.Release|Any CPU.ActiveCfg = Release|Any CPU
		{B4681297-A721-46CA-ABAD-8D9A8B8F9D56}.Release|Any CPU.Build.0 = Release|Any CPU
		{C28F13BD-A43E-40B5-B058-F152B2116753}.Debug|Any CPU.ActiveCfg = Debug|Any CPU
		{C28F13BD-A43E-40B5-B058-F152B2116753}.Debug|Any CPU.Build.0 = Debug|Any CPU
		{C28F13BD-A43E-40B5-B058-F152B2116753}.Release|Any CPU.ActiveCfg = Release|Any CPU
		{C28F13BD-A43E-40B5-B058-F152B2116753}.Release|Any CPU.Build.0 = Release|Any CPU
		{30737574-D314-432E-9F7A-F605C60F05D6}.Debug|Any CPU.ActiveCfg = Debug|Any CPU
		{30737574-D314-432E-9F7A-F605C60F05D6}.Debug|Any CPU.Build.0 = Debug|Any CPU
		{30737574-D314-432E-9F7A-F605C60F05D6}.Release|Any CPU.ActiveCfg = Release|Any CPU
		{30737574-D314-432E-9F7A-F605C60F05D6}.Release|Any CPU.Build.0 = Release|Any CPU
		{B80B38B6-D712-476A-9CC0-306B38ECCD30}.Debug|Any CPU.ActiveCfg = Debug|Any CPU
		{B80B38B6-D712-476A-9CC0-306B38ECCD30}.Debug|Any CPU.Build.0 = Debug|Any CPU
		{B80B38B6-D712-476A-9CC0-306B38ECCD30}.Release|Any CPU.ActiveCfg = Release|Any CPU
		{B80B38B6-D712-476A-9CC0-306B38ECCD30}.Release|Any CPU.Build.0 = Release|Any CPU
		{24BBC6A2-3FBA-42A2-A197-7DD3771E6818}.Debug|Any CPU.ActiveCfg = Debug|Any CPU
		{24BBC6A2-3FBA-42A2-A197-7DD3771E6818}.Debug|Any CPU.Build.0 = Debug|Any CPU
		{24BBC6A2-3FBA-42A2-A197-7DD3771E6818}.Release|Any CPU.ActiveCfg = Release|Any CPU
		{24BBC6A2-3FBA-42A2-A197-7DD3771E6818}.Release|Any CPU.Build.0 = Release|Any CPU
		{C60426D5-6188-42A9-B887-AF43F229D5D8}.Debug|Any CPU.ActiveCfg = Debug|Any CPU
		{C60426D5-6188-42A9-B887-AF43F229D5D8}.Debug|Any CPU.Build.0 = Debug|Any CPU
		{C60426D5-6188-42A9-B887-AF43F229D5D8}.Release|Any CPU.ActiveCfg = Release|Any CPU
		{C60426D5-6188-42A9-B887-AF43F229D5D8}.Release|Any CPU.Build.0 = Release|Any CPU
		{CBCD00EC-CB51-4AA6-BFC0-6834F99DFFCE}.Debug|Any CPU.ActiveCfg = Debug|Any CPU
		{CBCD00EC-CB51-4AA6-BFC0-6834F99DFFCE}.Debug|Any CPU.Build.0 = Debug|Any CPU
		{CBCD00EC-CB51-4AA6-BFC0-6834F99DFFCE}.Release|Any CPU.ActiveCfg = Release|Any CPU
		{CBCD00EC-CB51-4AA6-BFC0-6834F99DFFCE}.Release|Any CPU.Build.0 = Release|Any CPU
	EndGlobalSection
	GlobalSection(SolutionProperties) = preSolution
		HideSolutionNode = FALSE
	EndGlobalSection
	GlobalSection(NestedProjects) = preSolution
		{B4681297-A721-46CA-ABAD-8D9A8B8F9D56} = {B46DEB2D-81FC-4AE3-A4B2-5702D0DE1CC3}
		{C28F13BD-A43E-40B5-B058-F152B2116753} = {E3FC4BF0-8A02-4C02-BD5D-E72601DA9C21}
		{30737574-D314-432E-9F7A-F605C60F05D6} = {3A7E6F92-D10D-4912-A70B-56C3F16BBC9B}
		{B80B38B6-D712-476A-9CC0-306B38ECCD30} = {3A7E6F92-D10D-4912-A70B-56C3F16BBC9B}
		{24BBC6A2-3FBA-42A2-A197-7DD3771E6818} = {3A7E6F92-D10D-4912-A70B-56C3F16BBC9B}
		{C60426D5-6188-42A9-B887-AF43F229D5D8} = {63CDC26F-331B-4934-BD26-21ED61115AEF}
		{CBCD00EC-CB51-4AA6-BFC0-6834F99DFFCE} = {63CDC26F-331B-4934-BD26-21ED61115AEF}
	EndGlobalSection
	GlobalSection(ExtensibilityGlobals) = postSolution
		SolutionGuid = {EDA4F8F5-E213-4796-BBF2-2F0F06E74E7D}
	EndGlobalSection
EndGlobal
